{
  "version": 4,
  "terraform_version": "1.12.2",
  "serial": 175,
  "lineage": "7bec83c7-3ad1-e27a-8fbd-8ccc3daabfd9",
  "outputs": {},
  "resources": [
    {
      "mode": "managed",
      "type": "aws_vpc",
      "name": "main_vpc",
      "provider": "provider[\"registry.terraform.io/hashicorp/aws\"]",
      "instances": [
        {
          "schema_version": 1,
          "attributes": {
            "arn": "arn:aws:ec2:ap-southeast-2:205930646890:vpc/vpc-0b2f43b8fc1544336",
            "assign_generated_ipv6_cidr_block": false,
            "cidr_block": "10.0.0.0/16",
            "default_network_acl_id": "acl-0bd8c9f9dec02d3ab",
            "default_route_table_id": "rtb-069ec639f7307d6e3",
            "default_security_group_id": "sg-08fa01b1ee0990d7b",
            "dhcp_options_id": "dopt-038a463474aec5ed1",
            "enable_dns_hostnames": true,
            "enable_dns_support": true,
            "enable_network_address_usage_metrics": false,
            "id": "vpc-0b2f43b8fc1544336",
            "instance_tenancy": "default",
            "ipv4_ipam_pool_id": null,
            "ipv4_netmask_length": null,
            "ipv6_association_id": "",
            "ipv6_cidr_block": "",
            "ipv6_cidr_block_network_border_group": "",
            "ipv6_ipam_pool_id": "",
            "ipv6_netmask_length": 0,
            "main_route_table_id": "rtb-069ec639f7307d6e3",
            "owner_id": "205930646890",
            "region": "ap-southeast-2",
            "tags": {
              "Name": "devboard-vpc"
            },
            "tags_all": {
              "Name": "devboard-vpc"
            }
          },
          "sensitive_attributes": [],
          "identity_schema_version": 0,
          "private": "eyJzY2hlbWFfdmVyc2lvbiI6IjEifQ=="
        }
      ]
    }
  ],
  "check_results": null
}
